
Microsoft Visual Studio Solution File, Format Version 12.00
# Visual Studio 14
VisualStudioVersion = 14.0.25420.1
MinimumVisualStudioVersion = 10.0.40219.1
Project("{FAE04EC0-301F-11D3-BF4B-00C04F79EFBC}") = "QuestTracker.API", "QuestTracker.API\QuestTracker.API.csproj", "{4041357C-A857-40AC-9130-EB3FB4F1AB9D}"
EndProject
Project("{FAE04EC0-301F-11D3-BF4B-00C04F79EFBC}") = "tracker-spa", "tracker-spa\tracker-spa.csproj", "{891C4C5B-94D7-4596-8797-8782B2B09E67}"
EndProject
Global
	GlobalSection(SolutionConfigurationPlatforms) = preSolution
		Debug|Any CPU = Debug|Any CPU
		Release|Any CPU = Release|Any CPU
	EndGlobalSection
	GlobalSection(ProjectConfigurationPlatforms) = postSolution
		{4041357C-A857-40AC-9130-EB3FB4F1AB9D}.Debug|Any CPU.ActiveCfg = Debug|Any CPU
		{4041357C-A857-40AC-9130-EB3FB4F1AB9D}.Debug|Any CPU.Build.0 = Debug|Any CPU
		{4041357C-A857-40AC-9130-EB3FB4F1AB9D}.Release|Any CPU.ActiveCfg = Release|Any CPU
		{4041357C-A857-40AC-9130-EB3FB4F1AB9D}.Release|Any CPU.Build.0 = Release|Any CPU
		{891C4C5B-94D7-4596-8797-8782B2B09E67}.Debug|Any CPU.ActiveCfg = Debug|Any CPU
		{891C4C5B-94D7-4596-8797-8782B2B09E67}.Debug|Any CPU.Build.0 = Debug|Any CPU
		{891C4C5B-94D7-4596-8797-8782B2B09E67}.Release|Any CPU.ActiveCfg = Release|Any CPU
		{891C4C5B-94D7-4596-8797-8782B2B09E67}.Release|Any CPU.Build.0 = Release|Any CPU
	EndGlobalSection
	GlobalSection(SolutionProperties) = preSolution
		HideSolutionNode = FALSE
	EndGlobalSection
EndGlobal
